// !$*UTF8*$!
{
	archiveVersion = 1;
	classes = {
	};
	objectVersion = 55;
	objects = {

/* Begin PBXBuildFile section */
		E16CE3C0272339FC0030CE4B /* EmojiArtApp.swift in Sources */ = {isa = PBXBuildFile; fileRef = E16CE3AC272339FB0030CE4B /* EmojiArtApp.swift */; };
		E16CE3C1272339FC0030CE4B /* EmojiArtApp.swift in Sources */ = {isa = PBXBuildFile; fileRef = E16CE3AC272339FB0030CE4B /* EmojiArtApp.swift */; };
		E16CE3C2272339FC0030CE4B /* EmojiArtDocument.swift in Sources */ = {isa = PBXBuildFile; fileRef = E16CE3AD272339FB0030CE4B /* EmojiArtDocument.swift */; };
		E16CE3C3272339FC0030CE4B /* EmojiArtDocument.swift in Sources */ = {isa = PBXBuildFile; fileRef = E16CE3AD272339FB0030CE4B /* EmojiArtDocument.swift */; };
		E16CE3C6272339FC0030CE4B /* Assets.xcassets in Resources */ = {isa = PBXBuildFile; fileRef = E16CE3AF272339FC0030CE4B /* Assets.xcassets */; };
		E16CE3C7272339FC0030CE4B /* Assets.xcassets in Resources */ = {isa = PBXBuildFile; fileRef = E16CE3AF272339FC0030CE4B /* Assets.xcassets */; };
		E16CE3DB27233B320030CE4B /* UtilityViews.swift in Sources */ = {isa = PBXBuildFile; fileRef = E16CE3D027233B310030CE4B /* UtilityViews.swift */; };
		E16CE3DC27233B320030CE4B /* UtilityViews.swift in Sources */ = {isa = PBXBuildFile; fileRef = E16CE3D027233B310030CE4B /* UtilityViews.swift */; };
		E16CE3DD27233B320030CE4B /* PaletteEditor.swift in Sources */ = {isa = PBXBuildFile; fileRef = E16CE3D127233B310030CE4B /* PaletteEditor.swift */; };
		E16CE3DE27233B320030CE4B /* PaletteEditor.swift in Sources */ = {isa = PBXBuildFile; fileRef = E16CE3D127233B310030CE4B /* PaletteEditor.swift */; };
		E16CE3DF27233B320030CE4B /* EmojiArtModel.swift in Sources */ = {isa = PBXBuildFile; fileRef = E16CE3D227233B310030CE4B /* EmojiArtModel.swift */; };
		E16CE3E027233B320030CE4B /* EmojiArtModel.swift in Sources */ = {isa = PBXBuildFile; fileRef = E16CE3D227233B310030CE4B /* EmojiArtModel.swift */; };
		E16CE3E127233B320030CE4B /* PaletteStore.swift in Sources */ = {isa = PBXBuildFile; fileRef = E16CE3D327233B310030CE4B /* PaletteStore.swift */; };
		E16CE3E227233B320030CE4B /* PaletteStore.swift in Sources */ = {isa = PBXBuildFile; fileRef = E16CE3D327233B310030CE4B /* PaletteStore.swift */; };
		E16CE3E327233B320030CE4B /* Camera.swift in Sources */ = {isa = PBXBuildFile; fileRef = E16CE3D427233B310030CE4B /* Camera.swift */; };
		E16CE3E527233B320030CE4B /* EmojiArtDocumentView.swift in Sources */ = {isa = PBXBuildFile; fileRef = E16CE3D527233B310030CE4B /* EmojiArtDocumentView.swift */; };
		E16CE3E627233B320030CE4B /* EmojiArtDocumentView.swift in Sources */ = {isa = PBXBuildFile; fileRef = E16CE3D527233B310030CE4B /* EmojiArtDocumentView.swift */; };
		E16CE3E727233B320030CE4B /* PaletteChooser.swift in Sources */ = {isa = PBXBuildFile; fileRef = E16CE3D627233B310030CE4B /* PaletteChooser.swift */; };
		E16CE3E827233B320030CE4B /* PaletteChooser.swift in Sources */ = {isa = PBXBuildFile; fileRef = E16CE3D627233B310030CE4B /* PaletteChooser.swift */; };
		E16CE3E927233B320030CE4B /* PaletteManager.swift in Sources */ = {isa = PBXBuildFile; fileRef = E16CE3D727233B310030CE4B /* PaletteManager.swift */; };
		E16CE3EB27233B320030CE4B /* PhotoLibrary.swift in Sources */ = {isa = PBXBuildFile; fileRef = E16CE3D827233B310030CE4B /* PhotoLibrary.swift */; };
		E16CE3ED27233B320030CE4B /* EmojiArtModel.Background.swift in Sources */ = {isa = PBXBuildFile; fileRef = E16CE3D927233B310030CE4B /* EmojiArtModel.Background.swift */; };
		E16CE3EE27233B320030CE4B /* EmojiArtModel.Background.swift in Sources */ = {isa = PBXBuildFile; fileRef = E16CE3D927233B310030CE4B /* EmojiArtModel.Background.swift */; };
		E16CE3EF27233B320030CE4B /* UtilityExtensions.swift in Sources */ = {isa = PBXBuildFile; fileRef = E16CE3DA27233B320030CE4B /* UtilityExtensions.swift */; };
		E16CE3F027233B320030CE4B /* UtilityExtensions.swift in Sources */ = {isa = PBXBuildFile; fileRef = E16CE3DA27233B320030CE4B /* UtilityExtensions.swift */; };
		E16CE3F327233E150030CE4B /* macOS.swift in Sources */ = {isa = PBXBuildFile; fileRef = E16CE3F127233E150030CE4B /* macOS.swift */; };
		E16CE3F5272344BF0030CE4B /* iOS.swift in Sources */ = {isa = PBXBuildFile; fileRef = E16CE3F4272344BF0030CE4B /* iOS.swift */; };
/* End PBXBuildFile section */

/* Begin PBXFileReference section */
		E16CE3AC272339FB0030CE4B /* EmojiArtApp.swift */ = {isa = PBXFileReference; lastKnownFileType = sourcecode.swift; path = EmojiArtApp.swift; sourceTree = "<group>"; };
		E16CE3AD272339FB0030CE4B /* EmojiArtDocument.swift */ = {isa = PBXFileReference; lastKnownFileType = sourcecode.swift; path = EmojiArtDocument.swift; sourceTree = "<group>"; };
		E16CE3AF272339FC0030CE4B /* Assets.xcassets */ = {isa = PBXFileReference; lastKnownFileType = folder.assetcatalog; path = Assets.xcassets; sourceTree = "<group>"; };
		E16CE3B4272339FC0030CE4B /* EmojiArt.app */ = {isa = PBXFileReference; explicitFileType = wrapper.application; includeInIndex = 0; path = EmojiArt.app; sourceTree = BUILT_PRODUCTS_DIR; };
		E16CE3B7272339FC0030CE4B /* Info.plist */ = {isa = PBXFileReference; lastKnownFileType = text.plist.xml; path = Info.plist; sourceTree = "<group>"; };
		E16CE3BC272339FC0030CE4B /* EmojiArt.app */ = {isa = PBXFileReference; explicitFileType = wrapper.application; includeInIndex = 0; path = EmojiArt.app; sourceTree = BUILT_PRODUCTS_DIR; };
		E16CE3BE272339FC0030CE4B /* Info.plist */ = {isa = PBXFileReference; lastKnownFileType = text.plist.xml; path = Info.plist; sourceTree = "<group>"; };
		E16CE3BF272339FC0030CE4B /* macOS.entitlements */ = {isa = PBXFileReference; lastKnownFileType = text.plist.entitlements; path = macOS.entitlements; sourceTree = "<group>"; };
		E16CE3D027233B310030CE4B /* UtilityViews.swift */ = {isa = PBXFileReference; fileEncoding = 4; lastKnownFileType = sourcecode.swift; path = UtilityViews.swift; sourceTree = "<group>"; };
		E16CE3D127233B310030CE4B /* PaletteEditor.swift */ = {isa = PBXFileReference; fileEncoding = 4; lastKnownFileType = sourcecode.swift; path = PaletteEditor.swift; sourceTree = "<group>"; };
		E16CE3D227233B310030CE4B /* EmojiArtModel.swift */ = {isa = PBXFileReference; fileEncoding = 4; lastKnownFileType = sourcecode.swift; path = EmojiArtModel.swift; sourceTree = "<group>"; };
		E16CE3D327233B310030CE4B /* PaletteStore.swift */ = {isa = PBXFileReference; fileEncoding = 4; lastKnownFileType = sourcecode.swift; path = PaletteStore.swift; sourceTree = "<group>"; };
		E16CE3D427233B310030CE4B /* Camera.swift */ = {isa = PBXFileReference; fileEncoding = 4; lastKnownFileType = sourcecode.swift; path = Camera.swift; sourceTree = "<group>"; };
		E16CE3D527233B310030CE4B /* EmojiArtDocumentView.swift */ = {isa = PBXFileReference; fileEncoding = 4; lastKnownFileType = sourcecode.swift; path = EmojiArtDocumentView.swift; sourceTree = "<group>"; };
		E16CE3D627233B310030CE4B /* PaletteChooser.swift */ = {isa = PBXFileReference; fileEncoding = 4; lastKnownFileType = sourcecode.swift; path = PaletteChooser.swift; sourceTree = "<group>"; };
		E16CE3D727233B310030CE4B /* PaletteManager.swift */ = {isa = PBXFileReference; fileEncoding = 4; lastKnownFileType = sourcecode.swift; path = PaletteManager.swift; sourceTree = "<group>"; };
		E16CE3D827233B310030CE4B /* PhotoLibrary.swift */ = {isa = PBXFileReference; fileEncoding = 4; lastKnownFileType = sourcecode.swift; path = PhotoLibrary.swift; sourceTree = "<group>"; };
		E16CE3D927233B310030CE4B /* EmojiArtModel.Background.swift */ = {isa = PBXFileReference; fileEncoding = 4; lastKnownFileType = sourcecode.swift; path = EmojiArtModel.Background.swift; sourceTree = "<group>"; };
		E16CE3DA27233B320030CE4B /* UtilityExtensions.swift */ = {isa = PBXFileReference; fileEncoding = 4; lastKnownFileType = sourcecode.swift; path = UtilityExtensions.swift; sourceTree = "<group>"; };
		E16CE3F127233E150030CE4B /* macOS.swift */ = {isa = PBXFileReference; lastKnownFileType = sourcecode.swift; path = macOS.swift; sourceTree = "<group>"; };
		E16CE3F4272344BF0030CE4B /* iOS.swift */ = {isa = PBXFileReference; lastKnownFileType = sourcecode.swift; path = iOS.swift; sourceTree = "<group>"; };
/* End PBXFileReference section */

/* Begin PBXFrameworksBuildPhase section */
		E16CE3B1272339FC0030CE4B /* Frameworks */ = {
			isa = PBXFrameworksBuildPhase;
			buildActionMask = 2147483647;
			files = (
			);
			runOnlyForDeploymentPostprocessing = 0;
		};
		E16CE3B9272339FC0030CE4B /* Frameworks */ = {
			isa = PBXFrameworksBuildPhase;
			buildActionMask = 2147483647;
			files = (
			);
			runOnlyForDeploymentPostprocessing = 0;
		};
/* End PBXFrameworksBuildPhase section */

/* Begin PBXGroup section */
		E16CE3A6272339FB0030CE4B = {
			isa = PBXGroup;
			children = (
				E16CE3AB272339FB0030CE4B /* Shared */,
				E16CE3B6272339FC0030CE4B /* iOS */,
				E16CE3BD272339FC0030CE4B /* macOS */,
				E16CE3B5272339FC0030CE4B /* Products */,
			);
			sourceTree = "<group>";
		};
		E16CE3AB272339FB0030CE4B /* Shared */ = {
			isa = PBXGroup;
			children = (
				E16CE3AC272339FB0030CE4B /* EmojiArtApp.swift */,
				E16CE3AD272339FB0030CE4B /* EmojiArtDocument.swift */,
				E16CE3D527233B310030CE4B /* EmojiArtDocumentView.swift */,
				E16CE3D927233B310030CE4B /* EmojiArtModel.Background.swift */,
				E16CE3D227233B310030CE4B /* EmojiArtModel.swift */,
				E16CE3D627233B310030CE4B /* PaletteChooser.swift */,
				E16CE3D127233B310030CE4B /* PaletteEditor.swift */,
				E16CE3D327233B310030CE4B /* PaletteStore.swift */,
				E16CE3DA27233B320030CE4B /* UtilityExtensions.swift */,
				E16CE3D027233B310030CE4B /* UtilityViews.swift */,
				E16CE3AF272339FC0030CE4B /* Assets.xcassets */,
			);
			path = Shared;
			sourceTree = "<group>";
		};
		E16CE3B5272339FC0030CE4B /* Products */ = {
			isa = PBXGroup;
			children = (
				E16CE3B4272339FC0030CE4B /* EmojiArt.app */,
				E16CE3BC272339FC0030CE4B /* EmojiArt.app */,
			);
			name = Products;
			sourceTree = "<group>";
		};
		E16CE3B6272339FC0030CE4B /* iOS */ = {
			isa = PBXGroup;
			children = (
				E16CE3D427233B310030CE4B /* Camera.swift */,
				E16CE3D827233B310030CE4B /* PhotoLibrary.swift */,
				E16CE3D727233B310030CE4B /* PaletteManager.swift */,
				E16CE3F4272344BF0030CE4B /* iOS.swift */,
				E16CE3B7272339FC0030CE4B /* Info.plist */,
			);
			path = iOS;
			sourceTree = "<group>";
		};
		E16CE3BD272339FC0030CE4B /* macOS */ = {
			isa = PBXGroup;
			children = (
				E16CE3BE272339FC0030CE4B /* Info.plist */,
				E16CE3BF272339FC0030CE4B /* macOS.entitlements */,
				E16CE3F127233E150030CE4B /* macOS.swift */,
			);
			path = macOS;
			sourceTree = "<group>";
		};
/* End PBXGroup section */

/* Begin PBXNativeTarget section */
		E16CE3B3272339FC0030CE4B /* EmojiArt (iOS) */ = {
			isa = PBXNativeTarget;
			buildConfigurationList = E16CE3CA272339FC0030CE4B /* Build configuration list for PBXNativeTarget "EmojiArt (iOS)" */;
			buildPhases = (
				E16CE3B0272339FC0030CE4B /* Sources */,
				E16CE3B1272339FC0030CE4B /* Frameworks */,
				E16CE3B2272339FC0030CE4B /* Resources */,
			);
			buildRules = (
			);
			dependencies = (
			);
			name = "EmojiArt (iOS)";
			productName = "EmojiArt (iOS)";
			productReference = E16CE3B4272339FC0030CE4B /* EmojiArt.app */;
			productType = "com.apple.product-type.application";
		};
		E16CE3BB272339FC0030CE4B /* EmojiArt (macOS) */ = {
			isa = PBXNativeTarget;
			buildConfigurationList = E16CE3CD272339FC0030CE4B /* Build configuration list for PBXNativeTarget "EmojiArt (macOS)" */;
			buildPhases = (
				E16CE3B8272339FC0030CE4B /* Sources */,
				E16CE3B9272339FC0030CE4B /* Frameworks */,
				E16CE3BA272339FC0030CE4B /* Resources */,
			);
			buildRules = (
			);
			dependencies = (
			);
			name = "EmojiArt (macOS)";
			productName = "EmojiArt (macOS)";
			productReference = E16CE3BC272339FC0030CE4B /* EmojiArt.app */;
			productType = "com.apple.product-type.application";
		};
/* End PBXNativeTarget section */

/* Begin PBXProject section */
		E16CE3A7272339FB0030CE4B /* Project object */ = {
			isa = PBXProject;
			attributes = {
				BuildIndependentTargetsInParallel = 1;
				LastSwiftUpdateCheck = 1300;
				LastUpgradeCheck = 1300;
				TargetAttributes = {
					E16CE3B3272339FC0030CE4B = {
						CreatedOnToolsVersion = 13.0;
					};
					E16CE3BB272339FC0030CE4B = {
						CreatedOnToolsVersion = 13.0;
					};
				};
			};
			buildConfigurationList = E16CE3AA272339FB0030CE4B /* Build configuration list for PBXProject "EmojiArt" */;
			compatibilityVersion = "Xcode 13.0";
			developmentRegion = en;
			hasScannedForEncodings = 0;
			knownRegions = (
				en,
				Base,
			);
			mainGroup = E16CE3A6272339FB0030CE4B;
			productRefGroup = E16CE3B5272339FC0030CE4B /* Products */;
			projectDirPath = "";
			projectRoot = "";
			targets = (
				E16CE3B3272339FC0030CE4B /* EmojiArt (iOS) */,
				E16CE3BB272339FC0030CE4B /* EmojiArt (macOS) */,
			);
		};
/* End PBXProject section */

/* Begin PBXResourcesBuildPhase section */
		E16CE3B2272339FC0030CE4B /* Resources */ = {
			isa = PBXResourcesBuildPhase;
			buildActionMask = 2147483647;
			files = (
				E16CE3C6272339FC0030CE4B /* Assets.xcassets in Resources */,
			);
			runOnlyForDeploymentPostprocessing = 0;
		};
		E16CE3BA272339FC0030CE4B /* Resources */ = {
			isa = PBXResourcesBuildPhase;
			buildActionMask = 2147483647;
			files = (
				E16CE3C7272339FC0030CE4B /* Assets.xcassets in Resources */,
			);
			runOnlyForDeploymentPostprocessing = 0;
		};
/* End PBXResourcesBuildPhase section */

/* Begin PBXSourcesBuildPhase section */
		E16CE3B0272339FC0030CE4B /* Sources */ = {
			isa = PBXSourcesBuildPhase;
			buildActionMask = 2147483647;
			files = (
				E16CE3DD27233B320030CE4B /* PaletteEditor.swift in Sources */,
				E16CE3E127233B320030CE4B /* PaletteStore.swift in Sources */,
				E16CE3EF27233B320030CE4B /* UtilityExtensions.swift in Sources */,
				E16CE3E527233B320030CE4B /* EmojiArtDocumentView.swift in Sources */,
				E16CE3E927233B320030CE4B /* PaletteManager.swift in Sources */,
				E16CE3DF27233B320030CE4B /* EmojiArtModel.swift in Sources */,
				E16CE3C0272339FC0030CE4B /* EmojiArtApp.swift in Sources */,
				E16CE3F5272344BF0030CE4B /* iOS.swift in Sources */,
				E16CE3EB27233B320030CE4B /* PhotoLibrary.swift in Sources */,
				E16CE3ED27233B320030CE4B /* EmojiArtModel.Background.swift in Sources */,
				E16CE3C2272339FC0030CE4B /* EmojiArtDocument.swift in Sources */,
				E16CE3E327233B320030CE4B /* Camera.swift in Sources */,
				E16CE3DB27233B320030CE4B /* UtilityViews.swift in Sources */,
				E16CE3E727233B320030CE4B /* PaletteChooser.swift in Sources */,
			);
			runOnlyForDeploymentPostprocessing = 0;
		};
		E16CE3B8272339FC0030CE4B /* Sources */ = {
			isa = PBXSourcesBuildPhase;
			buildActionMask = 2147483647;
			files = (
				E16CE3DE27233B320030CE4B /* PaletteEditor.swift in Sources */,
				E16CE3E227233B320030CE4B /* PaletteStore.swift in Sources */,
				E16CE3F027233B320030CE4B /* UtilityExtensions.swift in Sources */,
				E16CE3E627233B320030CE4B /* EmojiArtDocumentView.swift in Sources */,
				E16CE3E027233B320030CE4B /* EmojiArtModel.swift in Sources */,
				E16CE3C1272339FC0030CE4B /* EmojiArtApp.swift in Sources */,
				E16CE3EE27233B320030CE4B /* EmojiArtModel.Background.swift in Sources */,
				E16CE3F327233E150030CE4B /* macOS.swift in Sources */,
				E16CE3C3272339FC0030CE4B /* EmojiArtDocument.swift in Sources */,
				E16CE3DC27233B320030CE4B /* UtilityViews.swift in Sources */,
				E16CE3E827233B320030CE4B /* PaletteChooser.swift in Sources */,
			);
			runOnlyForDeploymentPostprocessing = 0;
		};
/* End PBXSourcesBuildPhase section */

/* Begin XCBuildConfiguration section */
		E16CE3C8272339FC0030CE4B /* Debug */ = {
			isa = XCBuildConfiguration;
			buildSettings = {
				ALWAYS_SEARCH_USER_PATHS = NO;
				CLANG_ANALYZER_NONNULL = YES;
				CLANG_ANALYZER_NUMBER_OBJECT_CONVERSION = YES_AGGRESSIVE;
				CLANG_CXX_LANGUAGE_STANDARD = "gnu++17";
				CLANG_CXX_LIBRARY = "libc++";
				CLANG_ENABLE_MODULES = YES;
				CLANG_ENABLE_OBJC_ARC = YES;
				CLANG_ENABLE_OBJC_WEAK = YES;
				CLANG_WARN_BLOCK_CAPTURE_AUTORELEASING = YES;
				CLANG_WARN_BOOL_CONVERSION = YES;
				CLANG_WARN_COMMA = YES;
				CLANG_WARN_CONSTANT_CONVERSION = YES;
				CLANG_WARN_DEPRECATED_OBJC_IMPLEMENTATIONS = YES;
				CLANG_WARN_DIRECT_OBJC_ISA_USAGE = YES_ERROR;
				CLANG_WARN_DOCUMENTATION_COMMENTS = YES;
				CLANG_WARN_EMPTY_BODY = YES;
				CLANG_WARN_ENUM_CONVERSION = YES;
				CLANG_WARN_INFINITE_RECURSION = YES;
				CLANG_WARN_INT_CONVERSION = YES;
				CLANG_WARN_NON_LITERAL_NULL_CONVERSION = YES;
				CLANG_WARN_OBJC_IMPLICIT_RETAIN_SELF = YES;
				CLANG_WARN_OBJC_LITERAL_CONVERSION = YES;
				CLANG_WARN_OBJC_ROOT_CLASS = YES_ERROR;
				CLANG_WARN_QUOTED_INCLUDE_IN_FRAMEWORK_HEADER = YES;
				CLANG_WARN_RANGE_LOOP_ANALYSIS = YES;
				CLANG_WARN_STRICT_PROTOTYPES = YES;
				CLANG_WARN_SUSPICIOUS_MOVE = YES;
				CLANG_WARN_UNGUARDED_AVAILABILITY = YES_AGGRESSIVE;
				CLANG_WARN_UNREACHABLE_CODE = YES;
				CLANG_WARN__DUPLICATE_METHOD_MATCH = YES;
				COPY_PHASE_STRIP = NO;
				DEBUG_INFORMATION_FORMAT = dwarf;
				ENABLE_STRICT_OBJC_MSGSEND = YES;
				ENABLE_TESTABILITY = YES;
				GCC_C_LANGUAGE_STANDARD = gnu11;
				GCC_DYNAMIC_NO_PIC = NO;
				GCC_NO_COMMON_BLOCKS = YES;
				GCC_OPTIMIZATION_LEVEL = 0;
				GCC_PREPROCESSOR_DEFINITIONS = (
					"DEBUG=1",
					"$(inherited)",
				);
				GCC_WARN_64_TO_32_BIT_CONVERSION = YES;
				GCC_WARN_ABOUT_RETURN_TYPE = YES_ERROR;
				GCC_WARN_UNDECLARED_SELECTOR = YES;
				GCC_WARN_UNINITIALIZED_AUTOS = YES_AGGRESSIVE;
				GCC_WARN_UNUSED_FUNCTION = YES;
				GCC_WARN_UNUSED_VARIABLE = YES;
				MTL_ENABLE_DEBUG_INFO = INCLUDE_SOURCE;
				MTL_FAST_MATH = YES;
				ONLY_ACTIVE_ARCH = YES;
				SWIFT_ACTIVE_COMPILATION_CONDITIONS = DEBUG;
				SWIFT_OPTIMIZATION_LEVEL = "-Onone";
			};
			name = Debug;
		};
		E16CE3C9272339FC0030CE4B /* Release */ = {
			isa = XCBuildConfiguration;
			buildSettings = {
				ALWAYS_SEARCH_USER_PATHS = NO;
				CLANG_ANALYZER_NONNULL = YES;
				CLANG_ANALYZER_NUMBER_OBJECT_CONVERSION = YES_AGGRESSIVE;
				CLANG_CXX_LANGUAGE_STANDARD = "gnu++17";
				CLANG_CXX_LIBRARY = "libc++";
				CLANG_ENABLE_MODULES = YES;
				CLANG_ENABLE_OBJC_ARC = YES;
				CLANG_ENABLE_OBJC_WEAK = YES;
				CLANG_WARN_BLOCK_CAPTURE_AUTORELEASING = YES;
				CLANG_WARN_BOOL_CONVERSION = YES;
				CLANG_WARN_COMMA = YES;
				CLANG_WARN_CONSTANT_CONVERSION = YES;
				CLANG_WARN_DEPRECATED_OBJC_IMPLEMENTATIONS = YES;
				CLANG_WARN_DIRECT_OBJC_ISA_USAGE = YES_ERROR;
				CLANG_WARN_DOCUMENTATION_COMMENTS = YES;
				CLANG_WARN_EMPTY_BODY = YES;
				CLANG_WARN_ENUM_CONVERSION = YES;
				CLANG_WARN_INFINITE_RECURSION = YES;
				CLANG_WARN_INT_CONVERSION = YES;
				CLANG_WARN_NON_LITERAL_NULL_CONVERSION = YES;
				CLANG_WARN_OBJC_IMPLICIT_RETAIN_SELF = YES;
				CLANG_WARN_OBJC_LITERAL_CONVERSION = YES;
				CLANG_WARN_OBJC_ROOT_CLASS = YES_ERROR;
				CLANG_WARN_QUOTED_INCLUDE_IN_FRAMEWORK_HEADER = YES;
				CLANG_WARN_RANGE_LOOP_ANALYSIS = YES;
				CLANG_WARN_STRICT_PROTOTYPES = YES;
				CLANG_WARN_SUSPICIOUS_MOVE = YES;
				CLANG_WARN_UNGUARDED_AVAILABILITY = YES_AGGRESSIVE;
				CLANG_WARN_UNREACHABLE_CODE = YES;
				CLANG_WARN__DUPLICATE_METHOD_MATCH = YES;
				COPY_PHASE_STRIP = NO;
				DEBUG_INFORMATION_FORMAT = "dwarf-with-dsym";
				ENABLE_NS_ASSERTIONS = NO;
				ENABLE_STRICT_OBJC_MSGSEND = YES;
				GCC_C_LANGUAGE_STANDARD = gnu11;
				GCC_NO_COMMON_BLOCKS = YES;
				GCC_WARN_64_TO_32_BIT_CONVERSION = YES;
				GCC_WARN_ABOUT_RETURN_TYPE = YES_ERROR;
				GCC_WARN_UNDECLARED_SELECTOR = YES;
				GCC_WARN_UNINITIALIZED_AUTOS = YES_AGGRESSIVE;
				GCC_WARN_UNUSED_FUNCTION = YES;
				GCC_WARN_UNUSED_VARIABLE = YES;
				MTL_ENABLE_DEBUG_INFO = NO;
				MTL_FAST_MATH = YES;
				SWIFT_COMPILATION_MODE = wholemodule;
				SWIFT_OPTIMIZATION_LEVEL = "-O";
			};
			name = Release;
		};
		E16CE3CB272339FC0030CE4B /* Debug */ = {
			isa = XCBuildConfiguration;
			buildSettings = {
				ASSETCATALOG_COMPILER_APPICON_NAME = AppIcon;
				ASSETCATALOG_COMPILER_GLOBAL_ACCENT_COLOR_NAME = AccentColor;
				CODE_SIGN_STYLE = Automatic;
				CURRENT_PROJECT_VERSION = 1;
				DEVELOPMENT_TEAM = 7K2HLWAMJ8;
				ENABLE_PREVIEWS = YES;
				GENERATE_INFOPLIST_FILE = YES;
				INFOPLIST_FILE = iOS/Info.plist;
				INFOPLIST_KEY_LSSupportsOpeningDocumentsInPlace = YES;
				INFOPLIST_KEY_UIApplicationSceneManifest_Generation = YES;
				INFOPLIST_KEY_UIApplicationSupportsIndirectInputEvents = YES;
				INFOPLIST_KEY_UILaunchScreen_Generation = YES;
				INFOPLIST_KEY_UISupportedInterfaceOrientations_iPad = "UIInterfaceOrientationPortrait UIInterfaceOrientationPortraitUpsideDown UIInterfaceOrientationLandscapeLeft UIInterfaceOrientationLandscapeRight";
				INFOPLIST_KEY_UISupportedInterfaceOrientations_iPhone = "UIInterfaceOrientationPortrait UIInterfaceOrientationLandscapeLeft UIInterfaceOrientationLandscapeRight";
				INFOPLIST_KEY_UISupportsDocumentBrowser = YES;
				IPHONEOS_DEPLOYMENT_TARGET = 14.0;
				LD_RUNPATH_SEARCH_PATHS = (
					"$(inherited)",
					"@executable_path/Frameworks",
				);
				MARKETING_VERSION = 1.0;
				PRODUCT_BUNDLE_IDENTIFIER = eu.plagens.EmojiArt;
				PRODUCT_NAME = EmojiArt;
				SDKROOT = iphoneos;
				SWIFT_EMIT_LOC_STRINGS = YES;
				SWIFT_VERSION = 5.0;
				TARGETED_DEVICE_FAMILY = "1,2";
			};
			name = Debug;
		};
		E16CE3CC272339FC0030CE4B /* Release */ = {
			isa = XCBuildConfiguration;
			buildSettings = {
				ASSETCATALOG_COMPILER_APPICON_NAME = AppIcon;
				ASSETCATALOG_COMPILER_GLOBAL_ACCENT_COLOR_NAME = AccentColor;
				CODE_SIGN_STYLE = Automatic;
				CURRENT_PROJECT_VERSION = 1;
				DEVELOPMENT_TEAM = 7K2HLWAMJ8;
				ENABLE_PREVIEWS = YES;
				GENERATE_INFOPLIST_FILE = YES;
				INFOPLIST_FILE = iOS/Info.plist;
				INFOPLIST_KEY_LSSupportsOpeningDocumentsInPlace = YES;
				INFOPLIST_KEY_UIApplicationSceneManifest_Generation = YES;
				INFOPLIST_KEY_UIApplicationSupportsIndirectInputEvents = YES;
				INFOPLIST_KEY_UILaunchScreen_Generation = YES;
				INFOPLIST_KEY_UISupportedInterfaceOrientations_iPad = "UIInterfaceOrientationPortrait UIInterfaceOrientationPortraitUpsideDown UIInterfaceOrientationLandscapeLeft UIInterfaceOrientationLandscapeRight";
				INFOPLIST_KEY_UISupportedInterfaceOrientations_iPhone = "UIInterfaceOrientationPortrait UIInterfaceOrientationLandscapeLeft UIInterfaceOrientationLandscapeRight";
				INFOPLIST_KEY_UISupportsDocumentBrowser = YES;
				IPHONEOS_DEPLOYMENT_TARGET = 14.0;
				LD_RUNPATH_SEARCH_PATHS = (
					"$(inherited)",
					"@executable_path/Frameworks",
				);
				MARKETING_VERSION = 1.0;
				PRODUCT_BUNDLE_IDENTIFIER = eu.plagens.EmojiArt;
				PRODUCT_NAME = EmojiArt;
				SDKROOT = iphoneos;
				SWIFT_EMIT_LOC_STRINGS = YES;
				SWIFT_VERSION = 5.0;
				TARGETED_DEVICE_FAMILY = "1,2";
				VALIDATE_PRODUCT = YES;
			};
			name = Release;
		};
		E16CE3CE272339FC0030CE4B /* Debug */ = {
			isa = XCBuildConfiguration;
			buildSettings = {
				ASSETCATALOG_COMPILER_APPICON_NAME = AppIcon;
				ASSETCATALOG_COMPILER_GLOBAL_ACCENT_COLOR_NAME = AccentColor;
				CODE_SIGN_ENTITLEMENTS = macOS/macOS.entitlements;
				CODE_SIGN_STYLE = Automatic;
				COMBINE_HIDPI_IMAGES = YES;
				CURRENT_PROJECT_VERSION = 1;
				DEVELOPMENT_TEAM = 7K2HLWAMJ8;
				ENABLE_HARDENED_RUNTIME = YES;
				ENABLE_PREVIEWS = YES;
				GENERATE_INFOPLIST_FILE = YES;
				INFOPLIST_FILE = macOS/Info.plist;
				INFOPLIST_KEY_NSHumanReadableCopyright = "";
				LD_RUNPATH_SEARCH_PATHS = (
					"$(inherited)",
					"@executable_path/../Frameworks",
				);
				MACOSX_DEPLOYMENT_TARGET = 11.0;
				MARKETING_VERSION = 1.0;
				PRODUCT_BUNDLE_IDENTIFIER = eu.plagens.EmojiArt;
				PRODUCT_NAME = EmojiArt;
				SDKROOT = macosx;
				SWIFT_EMIT_LOC_STRINGS = YES;
				SWIFT_VERSION = 5.0;
			};
			name = Debug;
		};
		E16CE3CF272339FC0030CE4B /* Release */ = {
			isa = XCBuildConfiguration;
			buildSettings = {
				ASSETCATALOG_COMPILER_APPICON_NAME = AppIcon;
				ASSETCATALOG_COMPILER_GLOBAL_ACCENT_COLOR_NAME = AccentColor;
				CODE_SIGN_ENTITLEMENTS = macOS/macOS.entitlements;
				CODE_SIGN_STYLE = Automatic;
				COMBINE_HIDPI_IMAGES = YES;
				CURRENT_PROJECT_VERSION = 1;
				DEVELOPMENT_TEAM = 7K2HLWAMJ8;
				ENABLE_HARDENED_RUNTIME = YES;
				ENABLE_PREVIEWS = YES;
				GENERATE_INFOPLIST_FILE = YES;
				INFOPLIST_FILE = macOS/Info.plist;
				INFOPLIST_KEY_NSHumanReadableCopyright = "";
				LD_RUNPATH_SEARCH_PATHS = (
					"$(inherited)",
					"@executable_path/../Frameworks",
				);
				MACOSX_DEPLOYMENT_TARGET = 11.0;
				MARKETING_VERSION = 1.0;
				PRODUCT_BUNDLE_IDENTIFIER = eu.plagens.EmojiArt;
				PRODUCT_NAME = EmojiArt;
				SDKROOT = macosx;
				SWIFT_EMIT_LOC_STRINGS = YES;
				SWIFT_VERSION = 5.0;
			};
			name = Release;
		};
/* End XCBuildConfiguration section */

/* Begin XCConfigurationList section */
		E16CE3AA272339FB0030CE4B /* Build configuration list for PBXProject "EmojiArt" */ = {
			isa = XCConfigurationList;
			buildConfigurations = (
				E16CE3C8272339FC0030CE4B /* Debug */,
				E16CE3C9272339FC0030CE4B /* Release */,
			);
			defaultConfigurationIsVisible = 0;
			defaultConfigurationName = Release;
		};
		E16CE3CA272339FC0030CE4B /* Build configuration list for PBXNativeTarget "EmojiArt (iOS)" */ = {
			isa = XCConfigurationList;
			buildConfigurations = (
				E16CE3CB272339FC0030CE4B /* Debug */,
				E16CE3CC272339FC0030CE4B /* Release */,
			);
			defaultConfigurationIsVisible = 0;
			defaultConfigurationName = Release;
		};
		E16CE3CD272339FC0030CE4B /* Build configuration list for PBXNativeTarget "EmojiArt (macOS)" */ = {
			isa = XCConfigurationList;
			buildConfigurations = (
				E16CE3CE272339FC0030CE4B /* Debug */,
				E16CE3CF272339FC0030CE4B /* Release */,
			);
			defaultConfigurationIsVisible = 0;
			defaultConfigurationName = Release;
		};
/* End XCConfigurationList section */
	};
	rootObject = E16CE3A7272339FB0030CE4B /* Project object */;
}
